# @generated - this file is auto-generated by `mise lock` https://mise.en.dev/dev-tools/mise-lock.html

[[tools."cargo:cargo-audit"]]
version = "0.22.2"
backend = "cargo:cargo-audit"

[[tools."cargo:cargo-binstall"]]
version = "1.17.4"
backend = "cargo:cargo-binstall"

[[tools."cargo:cargo-deny"]]
version = "0.19.0"
backend = "cargo:cargo-deny"

[[tools."cargo:cargo-machete"]]
version = "0.7.0"
backend = "cargo:cargo-machete"

[[tools."cargo:cargo-nextest"]]
version = "0.9.126"
backend = "cargo:cargo-nextest"

[[tools."cargo:cargo-outdated"]]
version = "0.17.0"
backend = "cargo:cargo-outdated"

[[tools."cargo:just"]]
version = "1.46.0"
backend = "cargo:just"

[[tools.rust]]
version = "1.97"
backend = "core:rust"
